
Microsoft Visual Studio Solution File, Format Version 12.00
# Visual Studio 15
VisualStudioVersion = 15.0.28307.489
MinimumVisualStudioVersion = 10.0.40219.1
Project("{FAE04EC0-301F-11D3-BF4B-00C04F79EFBC}") = "Simple web app1", "Simple web app1\Simple web app1.csproj", "{33B647AC-B1EE-4EBD-AE12-1C98C477EDEC}"
EndProject
Global
	GlobalSection(SolutionConfigurationPlatforms) = preSolution
		Debug|Any CPU = Debug|Any CPU
		Release|Any CPU = Release|Any CPU
	EndGlobalSection
	GlobalSection(ProjectConfigurationPlatforms) = postSolution
		{33B647AC-B1EE-4EBD-AE12-1C98C477EDEC}.Debug|Any CPU.ActiveCfg = Debug|Any CPU
		{33B647AC-B1EE-4EBD-AE12-1C98C477EDEC}.Debug|Any CPU.Build.0 = Debug|Any CPU
		{33B647AC-B1EE-4EBD-AE12-1C98C477EDEC}.Release|Any CPU.ActiveCfg = Release|Any CPU
		{33B647AC-B1EE-4EBD-AE12-1C98C477EDEC}.Release|Any CPU.Build.0 = Release|Any CPU
	EndGlobalSection
	GlobalSection(SolutionProperties) = preSolution
		HideSolutionNode = FALSE
	EndGlobalSection
	GlobalSection(ExtensibilityGlobals) = postSolution
		SolutionGuid = {2C401E33-C2EC-4843-8F5A-E75A5745D962}
	EndGlobalSection
EndGlobal
